
Microsoft Visual Studio Solution File, Format Version 12.00
# Visual Studio Version 16
VisualStudioVersion = 16.0.31702.278
MinimumVisualStudioVersion = 10.0.40219.1
Project("{FAE04EC0-301F-11D3-BF4B-00C04F79EFBC}") = "ShareYourFavPlaces", "ShareYourFavPlaces\ShareYourFavPlaces.csproj", "{6549C4F6-EFF9-48A6-A2E8-5B6DF5C9CF22}"
EndProject
Global
	GlobalSection(SolutionConfigurationPlatforms) = preSolution
		Debug|Any CPU = Debug|Any CPU
		Release|Any CPU = Release|Any CPU
	EndGlobalSection
	GlobalSection(ProjectConfigurationPlatforms) = postSolution
		{6549C4F6-EFF9-48A6-A2E8-5B6DF5C9CF22}.Debug|Any CPU.ActiveCfg = Debug|Any CPU
		{6549C4F6-EFF9-48A6-A2E8-5B6DF5C9CF22}.Debug|Any CPU.Build.0 = Debug|Any CPU
		{6549C4F6-EFF9-48A6-A2E8-5B6DF5C9CF22}.Release|Any CPU.ActiveCfg = Release|Any CPU
		{6549C4F6-EFF9-48A6-A2E8-5B6DF5C9CF22}.Release|Any CPU.Build.0 = Release|Any CPU
	EndGlobalSection
	GlobalSection(SolutionProperties) = preSolution
		HideSolutionNode = FALSE
	EndGlobalSection
	GlobalSection(ExtensibilityGlobals) = postSolution
		SolutionGuid = {B850ECB1-747F-44AA-8D21-6E10338D40EC}
	EndGlobalSection
EndGlobal
